
Microsoft Visual Studio Solution File, Format Version 12.00
# Visual Studio 15
VisualStudioVersion = 15.0.28307.1972
MinimumVisualStudioVersion = 10.0.40219.1
Project("{FAE04EC0-301F-11D3-BF4B-00C04F79EFBC}") = "ISRPO_Lab8", "ISRPO_Lab8\ISRPO_Lab8.csproj", "{F305569C-48CB-4C35-AB30-CE95BCAF2176}"
EndProject
Project("{FAE04EC0-301F-11D3-BF4B-00C04F79EFBC}") = "ISRPO_Lab8_B", "ISRPO_Lab8_B\ISRPO_Lab8_B.csproj", "{896BF068-A933-414B-A55A-EBF779324A52}"
EndProject
Project("{FAE04EC0-301F-11D3-BF4B-00C04F79EFBC}") = "ISRPO_Lab8_C", "ISRPO_Lab8_C\ISRPO_Lab8_C.csproj", "{9E8021AA-4E15-4D51-9787-03991154EFBC}"
EndProject
Global
	GlobalSection(SolutionConfigurationPlatforms) = preSolution
		Debug|Any CPU = Debug|Any CPU
		Release|Any CPU = Release|Any CPU
	EndGlobalSection
	GlobalSection(ProjectConfigurationPlatforms) = postSolution
		{F305569C-48CB-4C35-AB30-CE95BCAF2176}.Debug|Any CPU.ActiveCfg = Debug|Any CPU
		{F305569C-48CB-4C35-AB30-CE95BCAF2176}.Debug|Any CPU.Build.0 = Debug|Any CPU
		{F305569C-48CB-4C35-AB30-CE95BCAF2176}.Release|Any CPU.ActiveCfg = Release|Any CPU
		{F305569C-48CB-4C35-AB30-CE95BCAF2176}.Release|Any CPU.Build.0 = Release|Any CPU
		{896BF068-A933-414B-A55A-EBF779324A52}.Debug|Any CPU.ActiveCfg = Debug|Any CPU
		{896BF068-A933-414B-A55A-EBF779324A52}.Debug|Any CPU.Build.0 = Debug|Any CPU
		{896BF068-A933-414B-A55A-EBF779324A52}.Release|Any CPU.ActiveCfg = Release|Any CPU
		{896BF068-A933-414B-A55A-EBF779324A52}.Release|Any CPU.Build.0 = Release|Any CPU
		{9E8021AA-4E15-4D51-9787-03991154EFBC}.Debug|Any CPU.ActiveCfg = Debug|Any CPU
		{9E8021AA-4E15-4D51-9787-03991154EFBC}.Debug|Any CPU.Build.0 = Debug|Any CPU
		{9E8021AA-4E15-4D51-9787-03991154EFBC}.Release|Any CPU.ActiveCfg = Release|Any CPU
		{9E8021AA-4E15-4D51-9787-03991154EFBC}.Release|Any CPU.Build.0 = Release|Any CPU
	EndGlobalSection
	GlobalSection(SolutionProperties) = preSolution
		HideSolutionNode = FALSE
	EndGlobalSection
	GlobalSection(ExtensibilityGlobals) = postSolution
		SolutionGuid = {A531C51B-2207-4EFE-9176-C6AACCFE5CA7}
	EndGlobalSection
EndGlobal
