
Microsoft Visual Studio Solution File, Format Version 12.00
# Visual Studio Version 17
VisualStudioVersion = 17.1.32210.238
MinimumVisualStudioVersion = 10.0.40219.1
Project("{FAE04EC0-301F-11D3-BF4B-00C04F79EFBC}") = "ISRPO_Lab6_B_Lib", "ISRPO_Lab6_B_Lib\ISRPO_Lab6_B_Lib.csproj", "{2951E8F9-7064-4553-B1D4-1F849F55DF1C}"
EndProject
Project("{FAE04EC0-301F-11D3-BF4B-00C04F79EFBC}") = "ISRPO_Lab6_B_Console", "ISRPO_Lab6_B_Console\ISRPO_Lab6_B_Console.csproj", "{89F5D3B4-D7E4-48E8-A530-643834539935}"
EndProject
Project("{FAE04EC0-301F-11D3-BF4B-00C04F79EFBC}") = "ISRPO_Lab6_B_WPF", "ISRPO_Lab6_B_WPF\ISRPO_Lab6_B_WPF.csproj", "{C59AE641-68BA-49C5-BAD7-51A53E613A0C}"
EndProject
Global
	GlobalSection(SolutionConfigurationPlatforms) = preSolution
		Debug|Any CPU = Debug|Any CPU
		Release|Any CPU = Release|Any CPU
	EndGlobalSection
	GlobalSection(ProjectConfigurationPlatforms) = postSolution
		{2951E8F9-7064-4553-B1D4-1F849F55DF1C}.Debug|Any CPU.ActiveCfg = Debug|Any CPU
		{2951E8F9-7064-4553-B1D4-1F849F55DF1C}.Debug|Any CPU.Build.0 = Debug|Any CPU
		{2951E8F9-7064-4553-B1D4-1F849F55DF1C}.Release|Any CPU.ActiveCfg = Release|Any CPU
		{2951E8F9-7064-4553-B1D4-1F849F55DF1C}.Release|Any CPU.Build.0 = Release|Any CPU
		{89F5D3B4-D7E4-48E8-A530-643834539935}.Debug|Any CPU.ActiveCfg = Debug|Any CPU
		{89F5D3B4-D7E4-48E8-A530-643834539935}.Debug|Any CPU.Build.0 = Debug|Any CPU
		{89F5D3B4-D7E4-48E8-A530-643834539935}.Release|Any CPU.ActiveCfg = Release|Any CPU
		{89F5D3B4-D7E4-48E8-A530-643834539935}.Release|Any CPU.Build.0 = Release|Any CPU
		{C59AE641-68BA-49C5-BAD7-51A53E613A0C}.Debug|Any CPU.ActiveCfg = Debug|Any CPU
		{C59AE641-68BA-49C5-BAD7-51A53E613A0C}.Debug|Any CPU.Build.0 = Debug|Any CPU
		{C59AE641-68BA-49C5-BAD7-51A53E613A0C}.Release|Any CPU.ActiveCfg = Release|Any CPU
		{C59AE641-68BA-49C5-BAD7-51A53E613A0C}.Release|Any CPU.Build.0 = Release|Any CPU
	EndGlobalSection
	GlobalSection(SolutionProperties) = preSolution
		HideSolutionNode = FALSE
	EndGlobalSection
	GlobalSection(ExtensibilityGlobals) = postSolution
		SolutionGuid = {A12CB91A-AB86-42B1-922C-B93578C4B7D7}
	EndGlobalSection
EndGlobal
